
Microsoft Visual Studio Solution File, Format Version 12.00
# Visual Studio Version 16
VisualStudioVersion = 25.0.1705.7
MinimumVisualStudioVersion = 10.0.40219.1
Project("{FAE04EC0-301F-11D3-BF4B-00C04F79EFBC}") = "ConsoleAppTestTask", "ConsoleAppTestTask\ConsoleAppTestTask.csproj", "{27AC6BEE-5294-4BDF-A7B3-453FE05DB5F7}"
EndProject
Global
	GlobalSection(SolutionConfigurationPlatforms) = preSolution
		Debug|Any CPU = Debug|Any CPU
		Release|Any CPU = Release|Any CPU
	EndGlobalSection
	GlobalSection(ProjectConfigurationPlatforms) = postSolution
		{27AC6BEE-5294-4BDF-A7B3-453FE05DB5F7}.Debug|Any CPU.ActiveCfg = Debug|Any CPU
		{27AC6BEE-5294-4BDF-A7B3-453FE05DB5F7}.Debug|Any CPU.Build.0 = Debug|Any CPU
		{27AC6BEE-5294-4BDF-A7B3-453FE05DB5F7}.Release|Any CPU.ActiveCfg = Release|Any CPU
		{27AC6BEE-5294-4BDF-A7B3-453FE05DB5F7}.Release|Any CPU.Build.0 = Release|Any CPU
	EndGlobalSection
	GlobalSection(SolutionProperties) = preSolution
		HideSolutionNode = FALSE
	EndGlobalSection
	GlobalSection(ExtensibilityGlobals) = postSolution
		SolutionGuid = {80F85B2A-B570-4BB9-856B-9C99D903682B}
	EndGlobalSection
EndGlobal
